
Microsoft Visual Studio Solution File, Format Version 12.00
# Visual Studio Version 16
VisualStudioVersion = 16.0.31112.23
MinimumVisualStudioVersion = 10.0.40219.1
Project("{FAE04EC0-301F-11D3-BF4B-00C04F79EFBC}") = "hangman-v1", "hangman-v1\hangman-v1.csproj", "{7E5F7F10-6579-4BCC-AC44-5915C60B6BC8}"
EndProject
Global
	GlobalSection(SolutionConfigurationPlatforms) = preSolution
		Debug|Any CPU = Debug|Any CPU
		Release|Any CPU = Release|Any CPU
	EndGlobalSection
	GlobalSection(ProjectConfigurationPlatforms) = postSolution
		{7E5F7F10-6579-4BCC-AC44-5915C60B6BC8}.Debug|Any CPU.ActiveCfg = Debug|Any CPU
		{7E5F7F10-6579-4BCC-AC44-5915C60B6BC8}.Debug|Any CPU.Build.0 = Debug|Any CPU
		{7E5F7F10-6579-4BCC-AC44-5915C60B6BC8}.Release|Any CPU.ActiveCfg = Release|Any CPU
		{7E5F7F10-6579-4BCC-AC44-5915C60B6BC8}.Release|Any CPU.Build.0 = Release|Any CPU
	EndGlobalSection
	GlobalSection(SolutionProperties) = preSolution
		HideSolutionNode = FALSE
	EndGlobalSection
	GlobalSection(ExtensibilityGlobals) = postSolution
		SolutionGuid = {8177D413-3DCC-43B4-B9E0-F826F0AB5AE2}
	EndGlobalSection
EndGlobal
